
Microsoft Visual Studio Solution File, Format Version 12.00
# Visual Studio 15
Project("{FAE04EC0-301F-11D3-BF4B-00C04F79EFBC}") = "Assembly-CSharp", "Assembly-CSharp.csproj", "{434D24E2-D7CD-2845-74A9-1C337037254B}"
EndProject
Global
	GlobalSection(SolutionConfigurationPlatforms) = preSolution
		Debug|Any CPU = Debug|Any CPU
		Release|Any CPU = Release|Any CPU
	EndGlobalSection
	GlobalSection(ProjectConfigurationPlatforms) = postSolution
		{434D24E2-D7CD-2845-74A9-1C337037254B}.Debug|Any CPU.ActiveCfg = Debug|Any CPU
		{434D24E2-D7CD-2845-74A9-1C337037254B}.Debug|Any CPU.Build.0 = Debug|Any CPU
		{434D24E2-D7CD-2845-74A9-1C337037254B}.Release|Any CPU.ActiveCfg = Release|Any CPU
		{434D24E2-D7CD-2845-74A9-1C337037254B}.Release|Any CPU.Build.0 = Release|Any CPU
	EndGlobalSection
	GlobalSection(SolutionProperties) = preSolution
		HideSolutionNode = FALSE
	EndGlobalSection
EndGlobal
